
Microsoft Visual Studio Solution File, Format Version 12.00
# Visual Studio Version 16
VisualStudioVersion = 16.0.31729.503
MinimumVisualStudioVersion = 10.0.40219.1
Project("{FAE04EC0-301F-11D3-BF4B-00C04F79EFBC}") = "CodeChallenge", "CodeChallenge\CodeChallenge.csproj", "{3479B4F7-E4A2-4ABC-B72D-F4B7E15A89B3}"
EndProject
Project("{FAE04EC0-301F-11D3-BF4B-00C04F79EFBC}") = "WeatherStack", "WeatherStack\WeatherStack.csproj", "{EBF7E39D-AD32-4262-8AD3-3AF1ABB3F11B}"
EndProject
Project("{FAE04EC0-301F-11D3-BF4B-00C04F79EFBC}") = "AppSetting", "AppSetting\AppSetting.csproj", "{6944E02D-3AD3-461E-8AB1-627841243A74}"
EndProject
Global
	GlobalSection(SolutionConfigurationPlatforms) = preSolution
		Debug|Any CPU = Debug|Any CPU
		Release|Any CPU = Release|Any CPU
	EndGlobalSection
	GlobalSection(ProjectConfigurationPlatforms) = postSolution
		{3479B4F7-E4A2-4ABC-B72D-F4B7E15A89B3}.Debug|Any CPU.ActiveCfg = Debug|Any CPU
		{3479B4F7-E4A2-4ABC-B72D-F4B7E15A89B3}.Debug|Any CPU.Build.0 = Debug|Any CPU
		{3479B4F7-E4A2-4ABC-B72D-F4B7E15A89B3}.Release|Any CPU.ActiveCfg = Release|Any CPU
		{3479B4F7-E4A2-4ABC-B72D-F4B7E15A89B3}.Release|Any CPU.Build.0 = Release|Any CPU
		{EBF7E39D-AD32-4262-8AD3-3AF1ABB3F11B}.Debug|Any CPU.ActiveCfg = Debug|Any CPU
		{EBF7E39D-AD32-4262-8AD3-3AF1ABB3F11B}.Debug|Any CPU.Build.0 = Debug|Any CPU
		{EBF7E39D-AD32-4262-8AD3-3AF1ABB3F11B}.Release|Any CPU.ActiveCfg = Release|Any CPU
		{EBF7E39D-AD32-4262-8AD3-3AF1ABB3F11B}.Release|Any CPU.Build.0 = Release|Any CPU
		{6944E02D-3AD3-461E-8AB1-627841243A74}.Debug|Any CPU.ActiveCfg = Debug|Any CPU
		{6944E02D-3AD3-461E-8AB1-627841243A74}.Debug|Any CPU.Build.0 = Debug|Any CPU
		{6944E02D-3AD3-461E-8AB1-627841243A74}.Release|Any CPU.ActiveCfg = Release|Any CPU
		{6944E02D-3AD3-461E-8AB1-627841243A74}.Release|Any CPU.Build.0 = Release|Any CPU
	EndGlobalSection
	GlobalSection(SolutionProperties) = preSolution
		HideSolutionNode = FALSE
	EndGlobalSection
	GlobalSection(ExtensibilityGlobals) = postSolution
		SolutionGuid = {3BA0DBB1-0634-4B19-A016-D2109F6C2031}
	EndGlobalSection
EndGlobal
